Microsoft Visual Studio Solution File, Format Version 12.00
# Visual Studio Version 17
VisualStudioVersion = 17.5.2.0
MinimumVisualStudioVersion = 10.0.40219.1
Project("{FAE04EC0-301F-11D3-BF4B-00C04F79EFBC}") = "RS_GE_TI", "RS_GE_TI\RS_GE_TI.csproj", "{168FE3F8-A1F9-D18B-2B2F-24D8D914D6D7}"
EndProject
Global
	GlobalSection(SolutionConfigurationPlatforms) = preSolution
		Debug|Any CPU = Debug|Any CPU
		Release|Any CPU = Release|Any CPU
	EndGlobalSection
	GlobalSection(ProjectConfigurationPlatforms) = postSolution
		{168FE3F8-A1F9-D18B-2B2F-24D8D914D6D7}.Debug|Any CPU.ActiveCfg = Debug|Any CPU
		{168FE3F8-A1F9-D18B-2B2F-24D8D914D6D7}.Debug|Any CPU.Build.0 = Debug|Any CPU
		{168FE3F8-A1F9-D18B-2B2F-24D8D914D6D7}.Release|Any CPU.ActiveCfg = Release|Any CPU
		{168FE3F8-A1F9-D18B-2B2F-24D8D914D6D7}.Release|Any CPU.Build.0 = Release|Any CPU
	EndGlobalSection
	GlobalSection(SolutionProperties) = preSolution
		HideSolutionNode = FALSE
	EndGlobalSection
	GlobalSection(ExtensibilityGlobals) = postSolution
		SolutionGuid = {A1A1C324-50B2-4950-8F17-454591EC2503}
	EndGlobalSection
EndGlobal
